// !$*UTF8*$!
{
	archiveVersion = 1;
	classes = {
	};
	objectVersion = 56;
	objects = {

/* Begin PBXBuildFile section */
		0F6E96CC2B99E93B00DC115D /* RickAndMortyApp.swift in Sources */ = {isa = PBXBuildFile; fileRef = 0F6E96CB2B99E93B00DC115D /* RickAndMortyApp.swift */; };
		0F6E96CE2B99E93B00DC115D /* CharacterListView.swift in Sources */ = {isa = PBXBuildFile; fileRef = 0F6E96CD2B99E93B00DC115D /* CharacterListView.swift */; };
		0F6E96D02B99E93C00DC115D /* Assets.xcassets in Resources */ = {isa = PBXBuildFile; fileRef = 0F6E96CF2B99E93C00DC115D /* Assets.xcassets */; };
		0F6E96D32B99E93C00DC115D /* Preview Assets.xcassets in Resources */ = {isa = PBXBuildFile; fileRef = 0F6E96D22B99E93C00DC115D /* Preview Assets.xcassets */; };
		0F6E96DD2B99E93C00DC115D /* RickAndMortyTests.swift in Sources */ = {isa = PBXBuildFile; fileRef = 0F6E96DC2B99E93C00DC115D /* RickAndMortyTests.swift */; };
		0F6E96E72B99E93C00DC115D /* RickAndMortyUITests.swift in Sources */ = {isa = PBXBuildFile; fileRef = 0F6E96E62B99E93C00DC115D /* RickAndMortyUITests.swift */; };
		0F6E96E92B99E93C00DC115D /* RickAndMortyUITestsLaunchTests.swift in Sources */ = {isa = PBXBuildFile; fileRef = 0F6E96E82B99E93C00DC115D /* RickAndMortyUITestsLaunchTests.swift */; };
		0F6E96F72B99EB8600DC115D /* CharacterInfoModel.swift in Sources */ = {isa = PBXBuildFile; fileRef = 0F6E96F62B99EB8600DC115D /* CharacterInfoModel.swift */; };
		0F6E96FA2B99EB9900DC115D /* MockData.swift in Sources */ = {isa = PBXBuildFile; fileRef = 0F6E96F92B99EB9900DC115D /* MockData.swift */; };
		0F6E96FD2B99EC8C00DC115D /* NetworkManager.swift in Sources */ = {isa = PBXBuildFile; fileRef = 0F6E96FC2B99EC8C00DC115D /* NetworkManager.swift */; };
		0F6E97002B99ED9800DC115D /* CustomError.swift in Sources */ = {isa = PBXBuildFile; fileRef = 0F6E96FF2B99ED9800DC115D /* CustomError.swift */; };
		0F6E97022B99EDD900DC115D /* AlertContext.swift in Sources */ = {isa = PBXBuildFile; fileRef = 0F6E97012B99EDD900DC115D /* AlertContext.swift */; };
		0F6E97052B99F2C100DC115D /* BackgroundView.swift in Sources */ = {isa = PBXBuildFile; fileRef = 0F6E97042B99F2C100DC115D /* BackgroundView.swift */; };
		0F6E97082B99F38E00DC115D /* CharacterViewModel.swift in Sources */ = {isa = PBXBuildFile; fileRef = 0F6E97072B99F38E00DC115D /* CharacterViewModel.swift */; };
		0F6E970A2B99F46E00DC115D /* CharacterCell.swift in Sources */ = {isa = PBXBuildFile; fileRef = 0F6E97092B99F46E00DC115D /* CharacterCell.swift */; };
		0F6E970C2B99F4E400DC115D /* LoadingView.swift in Sources */ = {isa = PBXBuildFile; fileRef = 0F6E970B2B99F4E400DC115D /* LoadingView.swift */; };
		0F6E970E2B99FB4600DC115D /* RemoteImage.swift in Sources */ = {isa = PBXBuildFile; fileRef = 0F6E970D2B99FB4600DC115D /* RemoteImage.swift */; };
		0F6E97122B9A068D00DC115D /* CharacterDetailView.swift in Sources */ = {isa = PBXBuildFile; fileRef = 0F6E97112B9A068D00DC115D /* CharacterDetailView.swift */; };
		0F6E97142B9A0BCB00DC115D /* CharacterPropertieView.swift in Sources */ = {isa = PBXBuildFile; fileRef = 0F6E97132B9A0BCB00DC115D /* CharacterPropertieView.swift */; };
		0F6E97162B9A0E2200DC115D /* XDismissButton.swift in Sources */ = {isa = PBXBuildFile; fileRef = 0F6E97152B9A0E2200DC115D /* XDismissButton.swift */; };
/* End PBXBuildFile section */

/* Begin PBXContainerItemProxy section */
		0F6E96D92B99E93C00DC115D /* PBXContainerItemProxy */ = {
			isa = PBXContainerItemProxy;
			containerPortal = 0F6E96C02B99E93B00DC115D /* Project object */;
			proxyType = 1;
			remoteGlobalIDString = 0F6E96C72B99E93B00DC115D;
			remoteInfo = RickAndMorty;
		};
		0F6E96E32B99E93C00DC115D /* PBXContainerItemProxy */ = {
			isa = PBXContainerItemProxy;
			containerPortal = 0F6E96C02B99E93B00DC115D /* Project object */;
			proxyType = 1;
			remoteGlobalIDString = 0F6E96C72B99E93B00DC115D;
			remoteInfo = RickAndMorty;
		};
/* End PBXContainerItemProxy section */

/* Begin PBXFileReference section */
		0F6E96C82B99E93B00DC115D /* RickAndMorty.app */ = {isa = PBXFileReference; explicitFileType = wrapper.application; includeInIndex = 0; path = RickAndMorty.app; sourceTree = BUILT_PRODUCTS_DIR; };
		0F6E96CB2B99E93B00DC115D /* RickAndMortyApp.swift */ = {isa = PBXFileReference; lastKnownFileType = sourcecode.swift; path = RickAndMortyApp.swift; sourceTree = "<group>"; };
		0F6E96CD2B99E93B00DC115D /* CharacterListView.swift */ = {isa = PBXFileReference; lastKnownFileType = sourcecode.swift; path = CharacterListView.swift; sourceTree = "<group>"; };
		0F6E96CF2B99E93C00DC115D /* Assets.xcassets */ = {isa = PBXFileReference; lastKnownFileType = folder.assetcatalog; path = Assets.xcassets; sourceTree = "<group>"; };
		0F6E96D22B99E93C00DC115D /* Preview Assets.xcassets */ = {isa = PBXFileReference; lastKnownFileType = folder.assetcatalog; path = "Preview Assets.xcassets"; sourceTree = "<group>"; };
		0F6E96D82B99E93C00DC115D /* RickAndMortyTests.xctest */ = {isa = PBXFileReference; explicitFileType = wrapper.cfbundle; includeInIndex = 0; path = RickAndMortyTests.xctest; sourceTree = BUILT_PRODUCTS_DIR; };
		0F6E96DC2B99E93C00DC115D /* RickAndMortyTests.swift */ = {isa = PBXFileReference; lastKnownFileType = sourcecode.swift; path = RickAndMortyTests.swift; sourceTree = "<group>"; };
		0F6E96E22B99E93C00DC115D /* RickAndMortyUITests.xctest */ = {isa = PBXFileReference; explicitFileType = wrapper.cfbundle; includeInIndex = 0; path = RickAndMortyUITests.xctest; sourceTree = BUILT_PRODUCTS_DIR; };
		0F6E96E62B99E93C00DC115D /* RickAndMortyUITests.swift */ = {isa = PBXFileReference; lastKnownFileType = sourcecode.swift; path = RickAndMortyUITests.swift; sourceTree = "<group>"; };
		0F6E96E82B99E93C00DC115D /* RickAndMortyUITestsLaunchTests.swift */ = {isa = PBXFileReference; lastKnownFileType = sourcecode.swift; path = RickAndMortyUITestsLaunchTests.swift; sourceTree = "<group>"; };
		0F6E96F62B99EB8600DC115D /* CharacterInfoModel.swift */ = {isa = PBXFileReference; lastKnownFileType = sourcecode.swift; path = CharacterInfoModel.swift; sourceTree = "<group>"; };
		0F6E96F92B99EB9900DC115D /* MockData.swift */ = {isa = PBXFileReference; lastKnownFileType = sourcecode.swift; path = MockData.swift; sourceTree = "<group>"; };
		0F6E96FC2B99EC8C00DC115D /* NetworkManager.swift */ = {isa = PBXFileReference; lastKnownFileType = sourcecode.swift; path = NetworkManager.swift; sourceTree = "<group>"; };
		0F6E96FF2B99ED9800DC115D /* CustomError.swift */ = {isa = PBXFileReference; lastKnownFileType = sourcecode.swift; path = CustomError.swift; sourceTree = "<group>"; };
		0F6E97012B99EDD900DC115D /* AlertContext.swift */ = {isa = PBXFileReference; lastKnownFileType = sourcecode.swift; path = AlertContext.swift; sourceTree = "<group>"; };
		0F6E97042B99F2C100DC115D /* BackgroundView.swift */ = {isa = PBXFileReference; lastKnownFileType = sourcecode.swift; path = BackgroundView.swift; sourceTree = "<group>"; };
		0F6E97072B99F38E00DC115D /* CharacterViewModel.swift */ = {isa = PBXFileReference; lastKnownFileType = sourcecode.swift; path = CharacterViewModel.swift; sourceTree = "<group>"; };
		0F6E97092B99F46E00DC115D /* CharacterCell.swift */ = {isa = PBXFileReference; lastKnownFileType = sourcecode.swift; path = CharacterCell.swift; sourceTree = "<group>"; };
		0F6E970B2B99F4E400DC115D /* LoadingView.swift */ = {isa = PBXFileReference; lastKnownFileType = sourcecode.swift; path = LoadingView.swift; sourceTree = "<group>"; };
		0F6E970D2B99FB4600DC115D /* RemoteImage.swift */ = {isa = PBXFileReference; lastKnownFileType = sourcecode.swift; path = RemoteImage.swift; sourceTree = "<group>"; };
		0F6E97112B9A068D00DC115D /* CharacterDetailView.swift */ = {isa = PBXFileReference; lastKnownFileType = sourcecode.swift; path = CharacterDetailView.swift; sourceTree = "<group>"; };
		0F6E97132B9A0BCB00DC115D /* CharacterPropertieView.swift */ = {isa = PBXFileReference; lastKnownFileType = sourcecode.swift; path = CharacterPropertieView.swift; sourceTree = "<group>"; };
		0F6E97152B9A0E2200DC115D /* XDismissButton.swift */ = {isa = PBXFileReference; lastKnownFileType = sourcecode.swift; path = XDismissButton.swift; sourceTree = "<group>"; };
/* End PBXFileReference section */

/* Begin PBXFrameworksBuildPhase section */
		0F6E96C52B99E93B00DC115D /* Frameworks */ = {
			isa = PBXFrameworksBuildPhase;
			buildActionMask = 2147483647;
			files = (
			);
			runOnlyForDeploymentPostprocessing = 0;
		};
		0F6E96D52B99E93C00DC115D /* Frameworks */ = {
			isa = PBXFrameworksBuildPhase;
			buildActionMask = 2147483647;
			files = (
			);
			runOnlyForDeploymentPostprocessing = 0;
		};
		0F6E96DF2B99E93C00DC115D /* Frameworks */ = {
			isa = PBXFrameworksBuildPhase;
			buildActionMask = 2147483647;
			files = (
			);
			runOnlyForDeploymentPostprocessing = 0;
		};
/* End PBXFrameworksBuildPhase section */

/* Begin PBXGroup section */
		0F6E96BF2B99E93B00DC115D = {
			isa = PBXGroup;
			children = (
				0F6E96CA2B99E93B00DC115D /* RickAndMorty */,
				0F6E96DB2B99E93C00DC115D /* RickAndMortyTests */,
				0F6E96E52B99E93C00DC115D /* RickAndMortyUITests */,
				0F6E96C92B99E93B00DC115D /* Products */,
			);
			sourceTree = "<group>";
		};
		0F6E96C92B99E93B00DC115D /* Products */ = {
			isa = PBXGroup;
			children = (
				0F6E96C82B99E93B00DC115D /* RickAndMorty.app */,
				0F6E96D82B99E93C00DC115D /* RickAndMortyTests.xctest */,
				0F6E96E22B99E93C00DC115D /* RickAndMortyUITests.xctest */,
			);
			name = Products;
			sourceTree = "<group>";
		};
		0F6E96CA2B99E93B00DC115D /* RickAndMorty */ = {
			isa = PBXGroup;
			children = (
				0F6E96CB2B99E93B00DC115D /* RickAndMortyApp.swift */,
				0F6E97032B99F2B200DC115D /* Views */,
				0F6E96FE2B99ED8900DC115D /* Utilities */,
				0F6E96FB2B99EC8100DC115D /* Managers */,
				0F6E96F82B99EB8F00DC115D /* Data */,
				0F6E97062B99F37400DC115D /* Screens */,
				0F6E96F52B99EB6600DC115D /* Model */,
				0F6E96CF2B99E93C00DC115D /* Assets.xcassets */,
				0F6E96D12B99E93C00DC115D /* Preview Content */,
			);
			path = RickAndMorty;
			sourceTree = "<group>";
		};
		0F6E96D12B99E93C00DC115D /* Preview Content */ = {
			isa = PBXGroup;
			children = (
				0F6E96D22B99E93C00DC115D /* Preview Assets.xcassets */,
			);
			path = "Preview Content";
			sourceTree = "<group>";
		};
		0F6E96DB2B99E93C00DC115D /* RickAndMortyTests */ = {
			isa = PBXGroup;
			children = (
				0F6E96DC2B99E93C00DC115D /* RickAndMortyTests.swift */,
			);
			path = RickAndMortyTests;
			sourceTree = "<group>";
		};
		0F6E96E52B99E93C00DC115D /* RickAndMortyUITests */ = {
			isa = PBXGroup;
			children = (
				0F6E96E62B99E93C00DC115D /* RickAndMortyUITests.swift */,
				0F6E96E82B99E93C00DC115D /* RickAndMortyUITestsLaunchTests.swift */,
			);
			path = RickAndMortyUITests;
			sourceTree = "<group>";
		};
		0F6E96F52B99EB6600DC115D /* Model */ = {
			isa = PBXGroup;
			children = (
				0F6E96F62B99EB8600DC115D /* CharacterInfoModel.swift */,
			);
			path = Model;
			sourceTree = "<group>";
		};
		0F6E96F82B99EB8F00DC115D /* Data */ = {
			isa = PBXGroup;
			children = (
				0F6E96F92B99EB9900DC115D /* MockData.swift */,
			);
			path = Data;
			sourceTree = "<group>";
		};
		0F6E96FB2B99EC8100DC115D /* Managers */ = {
			isa = PBXGroup;
			children = (
				0F6E96FC2B99EC8C00DC115D /* NetworkManager.swift */,
			);
			path = Managers;
			sourceTree = "<group>";
		};
		0F6E96FE2B99ED8900DC115D /* Utilities */ = {
			isa = PBXGroup;
			children = (
				0F6E96FF2B99ED9800DC115D /* CustomError.swift */,
				0F6E97012B99EDD900DC115D /* AlertContext.swift */,
			);
			path = Utilities;
			sourceTree = "<group>";
		};
		0F6E97032B99F2B200DC115D /* Views */ = {
			isa = PBXGroup;
			children = (
				0F6E97042B99F2C100DC115D /* BackgroundView.swift */,
				0F6E970B2B99F4E400DC115D /* LoadingView.swift */,
				0F6E970D2B99FB4600DC115D /* RemoteImage.swift */,
				0F6E97152B9A0E2200DC115D /* XDismissButton.swift */,
			);
			path = Views;
			sourceTree = "<group>";
		};
		0F6E97062B99F37400DC115D /* Screens */ = {
			isa = PBXGroup;
			children = (
				0F6E97102B9A067E00DC115D /* CharacterDetail */,
				0F6E970F2B9A064E00DC115D /* CharacterList */,
				0F6E97072B99F38E00DC115D /* CharacterViewModel.swift */,
			);
			path = Screens;
			sourceTree = "<group>";
		};
		0F6E970F2B9A064E00DC115D /* CharacterList */ = {
			isa = PBXGroup;
			children = (
				0F6E96CD2B99E93B00DC115D /* CharacterListView.swift */,
				0F6E97092B99F46E00DC115D /* CharacterCell.swift */,
			);
			path = CharacterList;
			sourceTree = "<group>";
		};
		0F6E97102B9A067E00DC115D /* CharacterDetail */ = {
			isa = PBXGroup;
			children = (
				0F6E97112B9A068D00DC115D /* CharacterDetailView.swift */,
				0F6E97132B9A0BCB00DC115D /* CharacterPropertieView.swift */,
			);
			path = CharacterDetail;
			sourceTree = "<group>";
		};
/* End PBXGroup section */

/* Begin PBXNativeTarget section */
		0F6E96C72B99E93B00DC115D /* RickAndMorty */ = {
			isa = PBXNativeTarget;
			buildConfigurationList = 0F6E96EC2B99E93C00DC115D /* Build configuration list for PBXNativeTarget "RickAndMorty" */;
			buildPhases = (
				0F6E96C42B99E93B00DC115D /* Sources */,
				0F6E96C52B99E93B00DC115D /* Frameworks */,
				0F6E96C62B99E93B00DC115D /* Resources */,
			);
			buildRules = (
			);
			dependencies = (
			);
			name = RickAndMorty;
			productName = RickAndMorty;
			productReference = 0F6E96C82B99E93B00DC115D /* RickAndMorty.app */;
			productType = "com.apple.product-type.application";
		};
		0F6E96D72B99E93C00DC115D /* RickAndMortyTests */ = {
			isa = PBXNativeTarget;
			buildConfigurationList = 0F6E96EF2B99E93C00DC115D /* Build configuration list for PBXNativeTarget "RickAndMortyTests" */;
			buildPhases = (
				0F6E96D42B99E93C00DC115D /* Sources */,
				0F6E96D52B99E93C00DC115D /* Frameworks */,
				0F6E96D62B99E93C00DC115D /* Resources */,
			);
			buildRules = (
			);
			dependencies = (
				0F6E96DA2B99E93C00DC115D /* PBXTargetDependency */,
			);
			name = RickAndMortyTests;
			productName = RickAndMortyTests;
			productReference = 0F6E96D82B99E93C00DC115D /* RickAndMortyTests.xctest */;
			productType = "com.apple.product-type.bundle.unit-test";
		};
		0F6E96E12B99E93C00DC115D /* RickAndMortyUITests */ = {
			isa = PBXNativeTarget;
			buildConfigurationList = 0F6E96F22B99E93C00DC115D /* Build configuration list for PBXNativeTarget "RickAndMortyUITests" */;
			buildPhases = (
				0F6E96DE2B99E93C00DC115D /* Sources */,
				0F6E96DF2B99E93C00DC115D /* Frameworks */,
				0F6E96E02B99E93C00DC115D /* Resources */,
			);
			buildRules = (
			);
			dependencies = (
				0F6E96E42B99E93C00DC115D /* PBXTargetDependency */,
			);
			name = RickAndMortyUITests;
			productName = RickAndMortyUITests;
			productReference = 0F6E96E22B99E93C00DC115D /* RickAndMortyUITests.xctest */;
			productType = "com.apple.product-type.bundle.ui-testing";
		};
/* End PBXNativeTarget section */

/* Begin PBXProject section */
		0F6E96C02B99E93B00DC115D /* Project object */ = {
			isa = PBXProject;
			attributes = {
				BuildIndependentTargetsInParallel = 1;
				LastSwiftUpdateCheck = 1500;
				LastUpgradeCheck = 1500;
				TargetAttributes = {
					0F6E96C72B99E93B00DC115D = {
						CreatedOnToolsVersion = 15.0.1;
					};
					0F6E96D72B99E93C00DC115D = {
						CreatedOnToolsVersion = 15.0.1;
						TestTargetID = 0F6E96C72B99E93B00DC115D;
					};
					0F6E96E12B99E93C00DC115D = {
						CreatedOnToolsVersion = 15.0.1;
						TestTargetID = 0F6E96C72B99E93B00DC115D;
					};
				};
			};
			buildConfigurationList = 0F6E96C32B99E93B00DC115D /* Build configuration list for PBXProject "RickAndMorty" */;
			compatibilityVersion = "Xcode 14.0";
			developmentRegion = en;
			hasScannedForEncodings = 0;
			knownRegions = (
				en,
				Base,
			);
			mainGroup = 0F6E96BF2B99E93B00DC115D;
			productRefGroup = 0F6E96C92B99E93B00DC115D /* Products */;
			projectDirPath = "";
			projectRoot = "";
			targets = (
				0F6E96C72B99E93B00DC115D /* RickAndMorty */,
				0F6E96D72B99E93C00DC115D /* RickAndMortyTests */,
				0F6E96E12B99E93C00DC115D /* RickAndMortyUITests */,
			);
		};
/* End PBXProject section */

/* Begin PBXResourcesBuildPhase section */
		0F6E96C62B99E93B00DC115D /* Resources */ = {
			isa = PBXResourcesBuildPhase;
			buildActionMask = 2147483647;
			files = (
				0F6E96D32B99E93C00DC115D /* Preview Assets.xcassets in Resources */,
				0F6E96D02B99E93C00DC115D /* Assets.xcassets in Resources */,
			);
			runOnlyForDeploymentPostprocessing = 0;
		};
		0F6E96D62B99E93C00DC115D /* Resources */ = {
			isa = PBXResourcesBuildPhase;
			buildActionMask = 2147483647;
			files = (
			);
			runOnlyForDeploymentPostprocessing = 0;
		};
		0F6E96E02B99E93C00DC115D /* Resources */ = {
			isa = PBXResourcesBuildPhase;
			buildActionMask = 2147483647;
			files = (
			);
			runOnlyForDeploymentPostprocessing = 0;
		};
/* End PBXResourcesBuildPhase section */

/* Begin PBXSourcesBuildPhase section */
		0F6E96C42B99E93B00DC115D /* Sources */ = {
			isa = PBXSourcesBuildPhase;
			buildActionMask = 2147483647;
			files = (
				0F6E96F72B99EB8600DC115D /* CharacterInfoModel.swift in Sources */,
				0F6E97082B99F38E00DC115D /* CharacterViewModel.swift in Sources */,
				0F6E96FA2B99EB9900DC115D /* MockData.swift in Sources */,
				0F6E97122B9A068D00DC115D /* CharacterDetailView.swift in Sources */,
				0F6E970E2B99FB4600DC115D /* RemoteImage.swift in Sources */,
				0F6E97142B9A0BCB00DC115D /* CharacterPropertieView.swift in Sources */,
				0F6E970C2B99F4E400DC115D /* LoadingView.swift in Sources */,
				0F6E97052B99F2C100DC115D /* BackgroundView.swift in Sources */,
				0F6E96FD2B99EC8C00DC115D /* NetworkManager.swift in Sources */,
				0F6E970A2B99F46E00DC115D /* CharacterCell.swift in Sources */,
				0F6E97022B99EDD900DC115D /* AlertContext.swift in Sources */,
				0F6E96CE2B99E93B00DC115D /* CharacterListView.swift in Sources */,
				0F6E96CC2B99E93B00DC115D /* RickAndMortyApp.swift in Sources */,
				0F6E97002B99ED9800DC115D /* CustomError.swift in Sources */,
				0F6E97162B9A0E2200DC115D /* XDismissButton.swift in Sources */,
			);
			runOnlyForDeploymentPostprocessing = 0;
		};
		0F6E96D42B99E93C00DC115D /* Sources */ = {
			isa = PBXSourcesBuildPhase;
			buildActionMask = 2147483647;
			files = (
				0F6E96DD2B99E93C00DC115D /* RickAndMortyTests.swift in Sources */,
			);
			runOnlyForDeploymentPostprocessing = 0;
		};
		0F6E96DE2B99E93C00DC115D /* Sources */ = {
			isa = PBXSourcesBuildPhase;
			buildActionMask = 2147483647;
			files = (
				0F6E96E72B99E93C00DC115D /* RickAndMortyUITests.swift in Sources */,
				0F6E96E92B99E93C00DC115D /* RickAndMortyUITestsLaunchTests.swift in Sources */,
			);
			runOnlyForDeploymentPostprocessing = 0;
		};
/* End PBXSourcesBuildPhase section */

/* Begin PBXTargetDependency section */
		0F6E96DA2B99E93C00DC115D /* PBXTargetDependency */ = {
			isa = PBXTargetDependency;
			target = 0F6E96C72B99E93B00DC115D /* RickAndMorty */;
			targetProxy = 0F6E96D92B99E93C00DC115D /* PBXContainerItemProxy */;
		};
		0F6E96E42B99E93C00DC115D /* PBXTargetDependency */ = {
			isa = PBXTargetDependency;
			target = 0F6E96C72B99E93B00DC115D /* RickAndMorty */;
			targetProxy = 0F6E96E32B99E93C00DC115D /* PBXContainerItemProxy */;
		};
/* End PBXTargetDependency section */

/* Begin XCBuildConfiguration section */
		0F6E96EA2B99E93C00DC115D /* Debug */ = {
			isa = XCBuildConfiguration;
			buildSettings = {
				ALWAYS_SEARCH_USER_PATHS = NO;
				ASSETCATALOG_COMPILER_GENERATE_SWIFT_ASSET_SYMBOL_EXTENSIONS = YES;
				CLANG_ANALYZER_NONNULL = YES;
				CLANG_ANALYZER_NUMBER_OBJECT_CONVERSION = YES_AGGRESSIVE;
				CLANG_CXX_LANGUAGE_STANDARD = "gnu++20";
				CLANG_ENABLE_MODULES = YES;
				CLANG_ENABLE_OBJC_ARC = YES;
				CLANG_ENABLE_OBJC_WEAK = YES;
				CLANG_WARN_BLOCK_CAPTURE_AUTORELEASING = YES;
				CLANG_WARN_BOOL_CONVERSION = YES;
				CLANG_WARN_COMMA = YES;
				CLANG_WARN_CONSTANT_CONVERSION = YES;
				CLANG_WARN_DEPRECATED_OBJC_IMPLEMENTATIONS = YES;
				CLANG_WARN_DIRECT_OBJC_ISA_USAGE = YES_ERROR;
				CLANG_WARN_DOCUMENTATION_COMMENTS = YES;
				CLANG_WARN_EMPTY_BODY = YES;
				CLANG_WARN_ENUM_CONVERSION = YES;
				CLANG_WARN_INFINITE_RECURSION = YES;
				CLANG_WARN_INT_CONVERSION = YES;
				CLANG_WARN_NON_LITERAL_NULL_CONVERSION = YES;
				CLANG_WARN_OBJC_IMPLICIT_RETAIN_SELF = YES;
				CLANG_WARN_OBJC_LITERAL_CONVERSION = YES;
				CLANG_WARN_OBJC_ROOT_CLASS = YES_ERROR;
				CLANG_WARN_QUOTED_INCLUDE_IN_FRAMEWORK_HEADER = YES;
				CLANG_WARN_RANGE_LOOP_ANALYSIS = YES;
				CLANG_WARN_STRICT_PROTOTYPES = YES;
				CLANG_WARN_SUSPICIOUS_MOVE = YES;
				CLANG_WARN_UNGUARDED_AVAILABILITY = YES_AGGRESSIVE;
				CLANG_WARN_UNREACHABLE_CODE = YES;
				CLANG_WARN__DUPLICATE_METHOD_MATCH = YES;
				COPY_PHASE_STRIP = NO;
				DEBUG_INFORMATION_FORMAT = dwarf;
				ENABLE_STRICT_OBJC_MSGSEND = YES;
				ENABLE_TESTABILITY = YES;
				ENABLE_USER_SCRIPT_SANDBOXING = YES;
				GCC_C_LANGUAGE_STANDARD = gnu17;
				GCC_DYNAMIC_NO_PIC = NO;
				GCC_NO_COMMON_BLOCKS = YES;
				GCC_OPTIMIZATION_LEVEL = 0;
				GCC_PREPROCESSOR_DEFINITIONS = (
					"DEBUG=1",
					"$(inherited)",
				);
				GCC_WARN_64_TO_32_BIT_CONVERSION = YES;
				GCC_WARN_ABOUT_RETURN_TYPE = YES_ERROR;
				GCC_WARN_UNDECLARED_SELECTOR = YES;
				GCC_WARN_UNINITIALIZED_AUTOS = YES_AGGRESSIVE;
				GCC_WARN_UNUSED_FUNCTION = YES;
				GCC_WARN_UNUSED_VARIABLE = YES;
				IPHONEOS_DEPLOYMENT_TARGET = 17.0;
				LOCALIZATION_PREFERS_STRING_CATALOGS = YES;
				MTL_ENABLE_DEBUG_INFO = INCLUDE_SOURCE;
				MTL_FAST_MATH = YES;
				ONLY_ACTIVE_ARCH = YES;
				SDKROOT = iphoneos;
				SWIFT_ACTIVE_COMPILATION_CONDITIONS = "DEBUG $(inherited)";
				SWIFT_OPTIMIZATION_LEVEL = "-Onone";
			};
			name = Debug;
		};
		0F6E96EB2B99E93C00DC115D /* Release */ = {
			isa = XCBuildConfiguration;
			buildSettings = {
				ALWAYS_SEARCH_USER_PATHS = NO;
				ASSETCATALOG_COMPILER_GENERATE_SWIFT_ASSET_SYMBOL_EXTENSIONS = YES;
				CLANG_ANALYZER_NONNULL = YES;
				CLANG_ANALYZER_NUMBER_OBJECT_CONVERSION = YES_AGGRESSIVE;
				CLANG_CXX_LANGUAGE_STANDARD = "gnu++20";
				CLANG_ENABLE_MODULES = YES;
				CLANG_ENABLE_OBJC_ARC = YES;
				CLANG_ENABLE_OBJC_WEAK = YES;
				CLANG_WARN_BLOCK_CAPTURE_AUTORELEASING = YES;
				CLANG_WARN_BOOL_CONVERSION = YES;
				CLANG_WARN_COMMA = YES;
				CLANG_WARN_CONSTANT_CONVERSION = YES;
				CLANG_WARN_DEPRECATED_OBJC_IMPLEMENTATIONS = YES;
				CLANG_WARN_DIRECT_OBJC_ISA_USAGE = YES_ERROR;
				CLANG_WARN_DOCUMENTATION_COMMENTS = YES;
				CLANG_WARN_EMPTY_BODY = YES;
				CLANG_WARN_ENUM_CONVERSION = YES;
				CLANG_WARN_INFINITE_RECURSION = YES;
				CLANG_WARN_INT_CONVERSION = YES;
				CLANG_WARN_NON_LITERAL_NULL_CONVERSION = YES;
				CLANG_WARN_OBJC_IMPLICIT_RETAIN_SELF = YES;
				CLANG_WARN_OBJC_LITERAL_CONVERSION = YES;
				CLANG_WARN_OBJC_ROOT_CLASS = YES_ERROR;
				CLANG_WARN_QUOTED_INCLUDE_IN_FRAMEWORK_HEADER = YES;
				CLANG_WARN_RANGE_LOOP_ANALYSIS = YES;
				CLANG_WARN_STRICT_PROTOTYPES = YES;
				CLANG_WARN_SUSPICIOUS_MOVE = YES;
				CLANG_WARN_UNGUARDED_AVAILABILITY = YES_AGGRESSIVE;
				CLANG_WARN_UNREACHABLE_CODE = YES;
				CLANG_WARN__DUPLICATE_METHOD_MATCH = YES;
				COPY_PHASE_STRIP = NO;
				DEBUG_INFORMATION_FORMAT = "dwarf-with-dsym";
				ENABLE_NS_ASSERTIONS = NO;
				ENABLE_STRICT_OBJC_MSGSEND = YES;
				ENABLE_USER_SCRIPT_SANDBOXING = YES;
				GCC_C_LANGUAGE_STANDARD = gnu17;
				GCC_NO_COMMON_BLOCKS = YES;
				GCC_WARN_64_TO_32_BIT_CONVERSION = YES;
				GCC_WARN_ABOUT_RETURN_TYPE = YES_ERROR;
				GCC_WARN_UNDECLARED_SELECTOR = YES;
				GCC_WARN_UNINITIALIZED_AUTOS = YES_AGGRESSIVE;
				GCC_WARN_UNUSED_FUNCTION = YES;
				GCC_WARN_UNUSED_VARIABLE = YES;
				IPHONEOS_DEPLOYMENT_TARGET = 17.0;
				LOCALIZATION_PREFERS_STRING_CATALOGS = YES;
				MTL_ENABLE_DEBUG_INFO = NO;
				MTL_FAST_MATH = YES;
				SDKROOT = iphoneos;
				SWIFT_COMPILATION_MODE = wholemodule;
				VALIDATE_PRODUCT = YES;
			};
			name = Release;
		};
		0F6E96ED2B99E93C00DC115D /* Debug */ = {
			isa = XCBuildConfiguration;
			buildSettings = {
				ASSETCATALOG_COMPILER_APPICON_NAME = AppIcon;
				ASSETCATALOG_COMPILER_GLOBAL_ACCENT_COLOR_NAME = AccentColor;
				CODE_SIGN_STYLE = Automatic;
				CURRENT_PROJECT_VERSION = 1;
				DEVELOPMENT_ASSET_PATHS = "\"RickAndMorty/Preview Content\"";
				DEVELOPMENT_TEAM = FV84NP7NXG;
				ENABLE_PREVIEWS = YES;
				GENERATE_INFOPLIST_FILE = YES;
				INFOPLIST_KEY_UIApplicationSceneManifest_Generation = YES;
				INFOPLIST_KEY_UIApplicationSupportsIndirectInputEvents = YES;
				INFOPLIST_KEY_UILaunchScreen_Generation = YES;
				INFOPLIST_KEY_UISupportedInterfaceOrientations_iPad = "UIInterfaceOrientationPortrait UIInterfaceOrientationPortraitUpsideDown UIInterfaceOrientationLandscapeLeft UIInterfaceOrientationLandscapeRight";
				INFOPLIST_KEY_UISupportedInterfaceOrientations_iPhone = "UIInterfaceOrientationPortrait UIInterfaceOrientationLandscapeLeft UIInterfaceOrientationLandscapeRight";
				IPHONEOS_DEPLOYMENT_TARGET = 15.0;
				LD_RUNPATH_SEARCH_PATHS = (
					"$(inherited)",
					"@executable_path/Frameworks",
				);
				MARKETING_VERSION = 1.0;
				PRODUCT_BUNDLE_IDENTIFIER = com.jeannchuab.RickAndMorty;
				PRODUCT_NAME = "$(TARGET_NAME)";
				SWIFT_EMIT_LOC_STRINGS = YES;
				SWIFT_VERSION = 5.0;
				TARGETED_DEVICE_FAMILY = "1,2";
			};
			name = Debug;
		};
		0F6E96EE2B99E93C00DC115D /* Release */ = {
			isa = XCBuildConfiguration;
			buildSettings = {
				ASSETCATALOG_COMPILER_APPICON_NAME = AppIcon;
				ASSETCATALOG_COMPILER_GLOBAL_ACCENT_COLOR_NAME = AccentColor;
				CODE_SIGN_STYLE = Automatic;
				CURRENT_PROJECT_VERSION = 1;
				DEVELOPMENT_ASSET_PATHS = "\"RickAndMorty/Preview Content\"";
				DEVELOPMENT_TEAM = FV84NP7NXG;
				ENABLE_PREVIEWS = YES;
				GENERATE_INFOPLIST_FILE = YES;
				INFOPLIST_KEY_UIApplicationSceneManifest_Generation = YES;
				INFOPLIST_KEY_UIApplicationSupportsIndirectInputEvents = YES;
				INFOPLIST_KEY_UILaunchScreen_Generation = YES;
				INFOPLIST_KEY_UISupportedInterfaceOrientations_iPad = "UIInterfaceOrientationPortrait UIInterfaceOrientationPortraitUpsideDown UIInterfaceOrientationLandscapeLeft UIInterfaceOrientationLandscapeRight";
				INFOPLIST_KEY_UISupportedInterfaceOrientations_iPhone = "UIInterfaceOrientationPortrait UIInterfaceOrientationLandscapeLeft UIInterfaceOrientationLandscapeRight";
				IPHONEOS_DEPLOYMENT_TARGET = 15.0;
				LD_RUNPATH_SEARCH_PATHS = (
					"$(inherited)",
					"@executable_path/Frameworks",
				);
				MARKETING_VERSION = 1.0;
				PRODUCT_BUNDLE_IDENTIFIER = com.jeannchuab.RickAndMorty;
				PRODUCT_NAME = "$(TARGET_NAME)";
				SWIFT_EMIT_LOC_STRINGS = YES;
				SWIFT_VERSION = 5.0;
				TARGETED_DEVICE_FAMILY = "1,2";
			};
			name = Release;
		};
		0F6E96F02B99E93C00DC115D /* Debug */ = {
			isa = XCBuildConfiguration;
			buildSettings = {
				ALWAYS_EMBED_SWIFT_STANDARD_LIBRARIES = YES;
				BUNDLE_LOADER = "$(TEST_HOST)";
				CODE_SIGN_STYLE = Automatic;
				CURRENT_PROJECT_VERSION = 1;
				DEVELOPMENT_TEAM = FV84NP7NXG;
				GENERATE_INFOPLIST_FILE = YES;
				IPHONEOS_DEPLOYMENT_TARGET = 17.0;
				MARKETING_VERSION = 1.0;
				PRODUCT_BUNDLE_IDENTIFIER = com.jeannchuab.RickAndMortyTests;
				PRODUCT_NAME = "$(TARGET_NAME)";
				SWIFT_EMIT_LOC_STRINGS = NO;
				SWIFT_VERSION = 5.0;
				TARGETED_DEVICE_FAMILY = "1,2";
				TEST_HOST = "$(BUILT_PRODUCTS_DIR)/RickAndMorty.app/$(BUNDLE_EXECUTABLE_FOLDER_PATH)/RickAndMorty";
			};
			name = Debug;
		};
		0F6E96F12B99E93C00DC115D /* Release */ = {
			isa = XCBuildConfiguration;
			buildSettings = {
				ALWAYS_EMBED_SWIFT_STANDARD_LIBRARIES = YES;
				BUNDLE_LOADER = "$(TEST_HOST)";
				CODE_SIGN_STYLE = Automatic;
				CURRENT_PROJECT_VERSION = 1;
				DEVELOPMENT_TEAM = FV84NP7NXG;
				GENERATE_INFOPLIST_FILE = YES;
				IPHONEOS_DEPLOYMENT_TARGET = 17.0;
				MARKETING_VERSION = 1.0;
				PRODUCT_BUNDLE_IDENTIFIER = com.jeannchuab.RickAndMortyTests;
				PRODUCT_NAME = "$(TARGET_NAME)";
				SWIFT_EMIT_LOC_STRINGS = NO;
				SWIFT_VERSION = 5.0;
				TARGETED_DEVICE_FAMILY = "1,2";
				TEST_HOST = "$(BUILT_PRODUCTS_DIR)/RickAndMorty.app/$(BUNDLE_EXECUTABLE_FOLDER_PATH)/RickAndMorty";
			};
			name = Release;
		};
		0F6E96F32B99E93C00DC115D /* Debug */ = {
			isa = XCBuildConfiguration;
			buildSettings = {
				ALWAYS_EMBED_SWIFT_STANDARD_LIBRARIES = YES;
				CODE_SIGN_STYLE = Automatic;
				CURRENT_PROJECT_VERSION = 1;
				DEVELOPMENT_TEAM = FV84NP7NXG;
				GENERATE_INFOPLIST_FILE = YES;
				MARKETING_VERSION = 1.0;
				PRODUCT_BUNDLE_IDENTIFIER = com.jeannchuab.RickAndMortyUITests;
				PRODUCT_NAME = "$(TARGET_NAME)";
				SWIFT_EMIT_LOC_STRINGS = NO;
				SWIFT_VERSION = 5.0;
				TARGETED_DEVICE_FAMILY = "1,2";
				TEST_TARGET_NAME = RickAndMorty;
			};
			name = Debug;
		};
		0F6E96F42B99E93C00DC115D /* Release */ = {
			isa = XCBuildConfiguration;
			buildSettings = {
				ALWAYS_EMBED_SWIFT_STANDARD_LIBRARIES = YES;
				CODE_SIGN_STYLE = Automatic;
				CURRENT_PROJECT_VERSION = 1;
				DEVELOPMENT_TEAM = FV84NP7NXG;
				GENERATE_INFOPLIST_FILE = YES;
				MARKETING_VERSION = 1.0;
				PRODUCT_BUNDLE_IDENTIFIER = com.jeannchuab.RickAndMortyUITests;
				PRODUCT_NAME = "$(TARGET_NAME)";
				SWIFT_EMIT_LOC_STRINGS = NO;
				SWIFT_VERSION = 5.0;
				TARGETED_DEVICE_FAMILY = "1,2";
				TEST_TARGET_NAME = RickAndMorty;
			};
			name = Release;
		};
/* End XCBuildConfiguration section */

/* Begin XCConfigurationList section */
		0F6E96C32B99E93B00DC115D /* Build configuration list for PBXProject "RickAndMorty" */ = {
			isa = XCConfigurationList;
			buildConfigurations = (
				0F6E96EA2B99E93C00DC115D /* Debug */,
				0F6E96EB2B99E93C00DC115D /* Release */,
			);
			defaultConfigurationIsVisible = 0;
			defaultConfigurationName = Release;
		};
		0F6E96EC2B99E93C00DC115D /* Build configuration list for PBXNativeTarget "RickAndMorty" */ = {
			isa = XCConfigurationList;
			buildConfigurations = (
				0F6E96ED2B99E93C00DC115D /* Debug */,
				0F6E96EE2B99E93C00DC115D /* Release */,
			);
			defaultConfigurationIsVisible = 0;
			defaultConfigurationName = Release;
		};
		0F6E96EF2B99E93C00DC115D /* Build configuration list for PBXNativeTarget "RickAndMortyTests" */ = {
			isa = XCConfigurationList;
			buildConfigurations = (
				0F6E96F02B99E93C00DC115D /* Debug */,
				0F6E96F12B99E93C00DC115D /* Release */,
			);
			defaultConfigurationIsVisible = 0;
			defaultConfigurationName = Release;
		};
		0F6E96F22B99E93C00DC115D /* Build configuration list for PBXNativeTarget "RickAndMortyUITests" */ = {
			isa = XCConfigurationList;
			buildConfigurations = (
				0F6E96F32B99E93C00DC115D /* Debug */,
				0F6E96F42B99E93C00DC115D /* Release */,
			);
			defaultConfigurationIsVisible = 0;
			defaultConfigurationName = Release;
		};
/* End XCConfigurationList section */
	};
	rootObject = 0F6E96C02B99E93B00DC115D /* Project object */;
}
